
Microsoft Visual Studio Solution File, Format Version 12.00
# Visual Studio Version 17
VisualStudioVersion = 17.3.32825.248
MinimumVisualStudioVersion = 10.0.40219.1
Project("{FAE04EC0-301F-11D3-BF4B-00C04F79EFBC}") = "Factorial2", "Factorial2\Factorial2.csproj", "{3128E32A-144D-44DB-A0B7-1054A1B89A9A}"
EndProject
Global
	GlobalSection(SolutionConfigurationPlatforms) = preSolution
		Debug|Any CPU = Debug|Any CPU
		Release|Any CPU = Release|Any CPU
	EndGlobalSection
	GlobalSection(ProjectConfigurationPlatforms) = postSolution
		{3128E32A-144D-44DB-A0B7-1054A1B89A9A}.Debug|Any CPU.ActiveCfg = Debug|Any CPU
		{3128E32A-144D-44DB-A0B7-1054A1B89A9A}.Debug|Any CPU.Build.0 = Debug|Any CPU
		{3128E32A-144D-44DB-A0B7-1054A1B89A9A}.Release|Any CPU.ActiveCfg = Release|Any CPU
		{3128E32A-144D-44DB-A0B7-1054A1B89A9A}.Release|Any CPU.Build.0 = Release|Any CPU
	EndGlobalSection
	GlobalSection(SolutionProperties) = preSolution
		HideSolutionNode = FALSE
	EndGlobalSection
	GlobalSection(ExtensibilityGlobals) = postSolution
		SolutionGuid = {F95D9BB9-BE26-4E25-9E4E-D473ABB7904B}
	EndGlobalSection
EndGlobal
